
Microsoft Visual Studio Solution File, Format Version 12.00
# Visual Studio 14
VisualStudioVersion = 14.0.25420.1
MinimumVisualStudioVersion = 10.0.40219.1
Project("{FAE04EC0-301F-11D3-BF4B-00C04F79EFBC}") = "CodeBlueDev.EventAggregator", "src\CodeBlueDev.EventAggregator\CodeBlueDev.EventAggregator.csproj", "{FCF5E0BA-EF9B-4459-8AA9-C8161947D959}"
EndProject
Project("{FAE04EC0-301F-11D3-BF4B-00C04F79EFBC}") = "CodeBlueDev.EventAggregator.Test.Console", "src\CodeBlueDev.EventAggregator.Test.Console\CodeBlueDev.EventAggregator.Test.Console.csproj", "{02B31C08-7BCC-498E-83A1-9EACD26A3687}"
EndProject
Global
	GlobalSection(SolutionConfigurationPlatforms) = preSolution
		Debug|Any CPU = Debug|Any CPU
		Release|Any CPU = Release|Any CPU
	EndGlobalSection
	GlobalSection(ProjectConfigurationPlatforms) = postSolution
		{FCF5E0BA-EF9B-4459-8AA9-C8161947D959}.Debug|Any CPU.ActiveCfg = Debug|Any CPU
		{FCF5E0BA-EF9B-4459-8AA9-C8161947D959}.Debug|Any CPU.Build.0 = Debug|Any CPU
		{FCF5E0BA-EF9B-4459-8AA9-C8161947D959}.Release|Any CPU.ActiveCfg = Release|Any CPU
		{FCF5E0BA-EF9B-4459-8AA9-C8161947D959}.Release|Any CPU.Build.0 = Release|Any CPU
		{02B31C08-7BCC-498E-83A1-9EACD26A3687}.Debug|Any CPU.ActiveCfg = Debug|Any CPU
		{02B31C08-7BCC-498E-83A1-9EACD26A3687}.Debug|Any CPU.Build.0 = Debug|Any CPU
		{02B31C08-7BCC-498E-83A1-9EACD26A3687}.Release|Any CPU.ActiveCfg = Release|Any CPU
		{02B31C08-7BCC-498E-83A1-9EACD26A3687}.Release|Any CPU.Build.0 = Release|Any CPU
	EndGlobalSection
	GlobalSection(SolutionProperties) = preSolution
		HideSolutionNode = FALSE
	EndGlobalSection
EndGlobal
